
Microsoft Visual Studio Solution File, Format Version 12.00
# Visual Studio Version 16
VisualStudioVersion = 16.0.31205.134
MinimumVisualStudioVersion = 10.0.40219.1
Project("{FAE04EC0-301F-11D3-BF4B-00C04F79EFBC}") = "DB-Normalization-Tool", "DB-Normalization-Tool\DB-Normalization-Tool.csproj", "{45158BD1-73E7-4AE4-895C-632E94EEA237}"
EndProject
Global
	GlobalSection(SolutionConfigurationPlatforms) = preSolution
		Debug|Any CPU = Debug|Any CPU
		Release|Any CPU = Release|Any CPU
	EndGlobalSection
	GlobalSection(ProjectConfigurationPlatforms) = postSolution
		{45158BD1-73E7-4AE4-895C-632E94EEA237}.Debug|Any CPU.ActiveCfg = Debug|Any CPU
		{45158BD1-73E7-4AE4-895C-632E94EEA237}.Debug|Any CPU.Build.0 = Debug|Any CPU
		{45158BD1-73E7-4AE4-895C-632E94EEA237}.Release|Any CPU.ActiveCfg = Release|Any CPU
		{45158BD1-73E7-4AE4-895C-632E94EEA237}.Release|Any CPU.Build.0 = Release|Any CPU
	EndGlobalSection
	GlobalSection(SolutionProperties) = preSolution
		HideSolutionNode = FALSE
	EndGlobalSection
	GlobalSection(ExtensibilityGlobals) = postSolution
		SolutionGuid = {086069B8-0AEE-4116-9146-F833848BC18F}
	EndGlobalSection
EndGlobal
